
Microsoft Visual Studio Solution File, Format Version 12.00
# Visual Studio Version 17
VisualStudioVersion = 17.14.36511.14 d17.14
MinimumVisualStudioVersion = 10.0.40219.1
Project("{FAE04EC0-301F-11D3-BF4B-00C04F79EFBC}") = "MyPortfolio", "MyPortfolio.csproj", "{528D4E8B-E4FB-4902-99CF-E7173EDAAC0D}"
EndProject
Global
	GlobalSection(SolutionConfigurationPlatforms) = preSolution
		Debug|Any CPU = Debug|Any CPU
		Release|Any CPU = Release|Any CPU
	EndGlobalSection
	GlobalSection(ProjectConfigurationPlatforms) = postSolution
		{528D4E8B-E4FB-4902-99CF-E7173EDAAC0D}.Debug|Any CPU.ActiveCfg = Debug|Any CPU
		{528D4E8B-E4FB-4902-99CF-E7173EDAAC0D}.Debug|Any CPU.Build.0 = Debug|Any CPU
		{528D4E8B-E4FB-4902-99CF-E7173EDAAC0D}.Release|Any CPU.ActiveCfg = Release|Any CPU
		{528D4E8B-E4FB-4902-99CF-E7173EDAAC0D}.Release|Any CPU.Build.0 = Release|Any CPU
	EndGlobalSection
	GlobalSection(SolutionProperties) = preSolution
		HideSolutionNode = FALSE
	EndGlobalSection
	GlobalSection(ExtensibilityGlobals) = postSolution
		SolutionGuid = {5108A7A7-4481-4F60-94DC-CDF998DB812D}
	EndGlobalSection
EndGlobal
